
Microsoft Visual Studio Solution File, Format Version 12.00
# Visual Studio Version 17
VisualStudioVersion = 17.6.33815.320
MinimumVisualStudioVersion = 10.0.40219.1
Project("{FAE04EC0-301F-11D3-BF4B-00C04F79EFBC}") = "WebApplication", "WebApplication\WebApplication.csproj", "{D4E14E88-ADE9-4FBF-8B32-468428173A54}"
EndProject
Project("{FAE04EC0-301F-11D3-BF4B-00C04F79EFBC}") = "Entities", "Entities\Entities.csproj", "{20285DAB-388D-4AB3-A9C5-B13CA36176B5}"
EndProject
Project("{FAE04EC0-301F-11D3-BF4B-00C04F79EFBC}") = "Data", "Data\Data.csproj", "{5A1BF214-8E61-4149-882D-DD18CB8EDAFB}"
EndProject
Global
	GlobalSection(SolutionConfigurationPlatforms) = preSolution
		Debug|Any CPU = Debug|Any CPU
		Release|Any CPU = Release|Any CPU
	EndGlobalSection
	GlobalSection(ProjectConfigurationPlatforms) = postSolution
		{D4E14E88-ADE9-4FBF-8B32-468428173A54}.Debug|Any CPU.ActiveCfg = Debug|Any CPU
		{D4E14E88-ADE9-4FBF-8B32-468428173A54}.Debug|Any CPU.Build.0 = Debug|Any CPU
		{D4E14E88-ADE9-4FBF-8B32-468428173A54}.Release|Any CPU.ActiveCfg = Release|Any CPU
		{D4E14E88-ADE9-4FBF-8B32-468428173A54}.Release|Any CPU.Build.0 = Release|Any CPU
		{20285DAB-388D-4AB3-A9C5-B13CA36176B5}.Debug|Any CPU.ActiveCfg = Debug|Any CPU
		{20285DAB-388D-4AB3-A9C5-B13CA36176B5}.Debug|Any CPU.Build.0 = Debug|Any CPU
		{20285DAB-388D-4AB3-A9C5-B13CA36176B5}.Release|Any CPU.ActiveCfg = Release|Any CPU
		{20285DAB-388D-4AB3-A9C5-B13CA36176B5}.Release|Any CPU.Build.0 = Release|Any CPU
		{5A1BF214-8E61-4149-882D-DD18CB8EDAFB}.Debug|Any CPU.ActiveCfg = Debug|Any CPU
		{5A1BF214-8E61-4149-882D-DD18CB8EDAFB}.Debug|Any CPU.Build.0 = Debug|Any CPU
		{5A1BF214-8E61-4149-882D-DD18CB8EDAFB}.Release|Any CPU.ActiveCfg = Release|Any CPU
		{5A1BF214-8E61-4149-882D-DD18CB8EDAFB}.Release|Any CPU.Build.0 = Release|Any CPU
	EndGlobalSection
	GlobalSection(SolutionProperties) = preSolution
		HideSolutionNode = FALSE
	EndGlobalSection
	GlobalSection(ExtensibilityGlobals) = postSolution
		SolutionGuid = {FDEA4AED-D3CA-4AFC-A1BC-EDA167F9A1E9}
	EndGlobalSection
EndGlobal
